Microsoft Visual Studio Solution File, Format Version 12.00
# Visual Studio Version 17
VisualStudioVersion = 17.5.2.0
MinimumVisualStudioVersion = 10.0.40219.1
Project("{FAE04EC0-301F-11D3-BF4B-00C04F79EFBC}") = "BillNum.Tests", "BillNum.Tests.csproj", "{63E27285-9FEB-889B-564C-6F664FD8D68A}"
EndProject
Global
	GlobalSection(SolutionConfigurationPlatforms) = preSolution
		Debug|Any CPU = Debug|Any CPU
		Release|Any CPU = Release|Any CPU
	EndGlobalSection
	GlobalSection(ProjectConfigurationPlatforms) = postSolution
		{63E27285-9FEB-889B-564C-6F664FD8D68A}.Debug|Any CPU.ActiveCfg = Debug|Any CPU
		{63E27285-9FEB-889B-564C-6F664FD8D68A}.Debug|Any CPU.Build.0 = Debug|Any CPU
		{63E27285-9FEB-889B-564C-6F664FD8D68A}.Release|Any CPU.ActiveCfg = Release|Any CPU
		{63E27285-9FEB-889B-564C-6F664FD8D68A}.Release|Any CPU.Build.0 = Release|Any CPU
	EndGlobalSection
	GlobalSection(SolutionProperties) = preSolution
		HideSolutionNode = FALSE
	EndGlobalSection
	GlobalSection(ExtensibilityGlobals) = postSolution
		SolutionGuid = {0F7827CA-FAC2-467E-96AA-534CEE931859}
	EndGlobalSection
EndGlobal
